// !$*UTF8*$!
{
	archiveVersion = 1;
	classes = {
	};
	objectVersion = 50;
	objects = {

/* Begin PBXBuildFile section */
		8929526121BB942400BBE7B9 /* Rain.sks in Resources */ = {isa = PBXBuildFile; fileRef = 8929525F21BB942400BBE7B9 /* Rain.sks */; };
		8929526221BB942400BBE7B9 /* Assets.xcassets in Resources */ = {isa = PBXBuildFile; fileRef = 8929526021BB942400BBE7B9 /* Assets.xcassets */; };
		896FD79D21B9409200468C53 /* AppDelegate.swift in Sources */ = {isa = PBXBuildFile; fileRef = 896FD79C21B9409200468C53 /* AppDelegate.swift */; };
		896FD79F21B9409200468C53 /* ViewController.swift in Sources */ = {isa = PBXBuildFile; fileRef = 896FD79E21B9409200468C53 /* ViewController.swift */; };
		896FD7A221B9409200468C53 /* Main.storyboard in Resources */ = {isa = PBXBuildFile; fileRef = 896FD7A021B9409200468C53 /* Main.storyboard */; };
		896FD7A421B9409400468C53 /* Assets.xcassets in Resources */ = {isa = PBXBuildFile; fileRef = 896FD7A321B9409400468C53 /* Assets.xcassets */; };
		896FD7A721B9409400468C53 /* LaunchScreen.storyboard in Resources */ = {isa = PBXBuildFile; fileRef = 896FD7A521B9409400468C53 /* LaunchScreen.storyboard */; };
		896FD7AF21BA8ADD00468C53 /* GameScene.swift in Sources */ = {isa = PBXBuildFile; fileRef = 896FD7AE21BA8ADD00468C53 /* GameScene.swift */; };
		896FD7B321BA8C5E00468C53 /* Constants.swift in Sources */ = {isa = PBXBuildFile; fileRef = 896FD7B221BA8C5E00468C53 /* Constants.swift */; };
/* End PBXBuildFile section */

/* Begin PBXFileReference section */
		8929525F21BB942400BBE7B9 /* Rain.sks */ = {isa = PBXFileReference; lastKnownFileType = file.sks; path = Rain.sks; sourceTree = "<group>"; };
		8929526021BB942400BBE7B9 /* Assets.xcassets */ = {isa = PBXFileReference; lastKnownFileType = folder.assetcatalog; path = Assets.xcassets; sourceTree = "<group>"; };
		896FD79921B9409200468C53 /* iPad Apps.app */ = {isa = PBXFileReference; explicitFileType = wrapper.application; includeInIndex = 0; path = "iPad Apps.app"; sourceTree = BUILT_PRODUCTS_DIR; };
		896FD79C21B9409200468C53 /* AppDelegate.swift */ = {isa = PBXFileReference; lastKnownFileType = sourcecode.swift; path = AppDelegate.swift; sourceTree = "<group>"; };
		896FD79E21B9409200468C53 /* ViewController.swift */ = {isa = PBXFileReference; lastKnownFileType = sourcecode.swift; path = ViewController.swift; sourceTree = "<group>"; };
		896FD7A121B9409200468C53 /* Base */ = {isa = PBXFileReference; lastKnownFileType = file.storyboard; name = Base; path = Base.lproj/Main.storyboard; sourceTree = "<group>"; };
		896FD7A321B9409400468C53 /* Assets.xcassets */ = {isa = PBXFileReference; lastKnownFileType = folder.assetcatalog; path = Assets.xcassets; sourceTree = "<group>"; };
		896FD7A621B9409400468C53 /* Base */ = {isa = PBXFileReference; lastKnownFileType = file.storyboard; name = Base; path = Base.lproj/LaunchScreen.storyboard; sourceTree = "<group>"; };
		896FD7A821B9409400468C53 /* Info.plist */ = {isa = PBXFileReference; lastKnownFileType = text.plist.xml; path = Info.plist; sourceTree = "<group>"; };
		896FD7AE21BA8ADD00468C53 /* GameScene.swift */ = {isa = PBXFileReference; lastKnownFileType = sourcecode.swift; path = GameScene.swift; sourceTree = "<group>"; };
		896FD7B221BA8C5E00468C53 /* Constants.swift */ = {isa = PBXFileReference; lastKnownFileType = sourcecode.swift; path = Constants.swift; sourceTree = "<group>"; };
/* End PBXFileReference section */

/* Begin PBXFrameworksBuildPhase section */
		896FD79621B9409200468C53 /* Frameworks */ = {
			isa = PBXFrameworksBuildPhase;
			buildActionMask = 2147483647;
			files = (
			);
			runOnlyForDeploymentPostprocessing = 0;
		};
/* End PBXFrameworksBuildPhase section */

/* Begin PBXGroup section */
		896FD79021B9409200468C53 = {
			isa = PBXGroup;
			children = (
				8929525F21BB942400BBE7B9 /* Rain.sks */,
				8929526021BB942400BBE7B9 /* Assets.xcassets */,
				896FD79B21B9409200468C53 /* iPad Apps */,
				896FD79A21B9409200468C53 /* Products */,
			);
			sourceTree = "<group>";
		};
		896FD79A21B9409200468C53 /* Products */ = {
			isa = PBXGroup;
			children = (
				896FD79921B9409200468C53 /* iPad Apps.app */,
			);
			name = Products;
			sourceTree = "<group>";
		};
		896FD79B21B9409200468C53 /* iPad Apps */ = {
			isa = PBXGroup;
			children = (
				896FD79C21B9409200468C53 /* AppDelegate.swift */,
				896FD79E21B9409200468C53 /* ViewController.swift */,
				896FD7AE21BA8ADD00468C53 /* GameScene.swift */,
				896FD7B221BA8C5E00468C53 /* Constants.swift */,
				896FD7A021B9409200468C53 /* Main.storyboard */,
				896FD7A321B9409400468C53 /* Assets.xcassets */,
				896FD7A521B9409400468C53 /* LaunchScreen.storyboard */,
				896FD7A821B9409400468C53 /* Info.plist */,
			);
			path = "iPad Apps";
			sourceTree = "<group>";
		};
/* End PBXGroup section */

/* Begin PBXNativeTarget section */
		896FD79821B9409200468C53 /* iPad Apps */ = {
			isa = PBXNativeTarget;
			buildConfigurationList = 896FD7AB21B9409400468C53 /* Build configuration list for PBXNativeTarget "iPad Apps" */;
			buildPhases = (
				896FD79521B9409200468C53 /* Sources */,
				896FD79621B9409200468C53 /* Frameworks */,
				896FD79721B9409200468C53 /* Resources */,
			);
			buildRules = (
			);
			dependencies = (
			);
			name = "iPad Apps";
			productName = "iPad Apps";
			productReference = 896FD79921B9409200468C53 /* iPad Apps.app */;
			productType = "com.apple.product-type.application";
		};
/* End PBXNativeTarget section */

/* Begin PBXProject section */
		896FD79121B9409200468C53 /* Project object */ = {
			isa = PBXProject;
			attributes = {
				LastSwiftUpdateCheck = 1010;
				LastUpgradeCheck = 1010;
				ORGANIZATIONNAME = "Alphonso Sensley II";
				TargetAttributes = {
					896FD79821B9409200468C53 = {
						CreatedOnToolsVersion = 10.1;
					};
				};
			};
			buildConfigurationList = 896FD79421B9409200468C53 /* Build configuration list for PBXProject "iPad Apps" */;
			compatibilityVersion = "Xcode 9.3";
			developmentRegion = en;
			hasScannedForEncodings = 0;
			knownRegions = (
				en,
				Base,
			);
			mainGroup = 896FD79021B9409200468C53;
			productRefGroup = 896FD79A21B9409200468C53 /* Products */;
			projectDirPath = "";
			projectRoot = "";
			targets = (
				896FD79821B9409200468C53 /* iPad Apps */,
			);
		};
/* End PBXProject section */

/* Begin PBXResourcesBuildPhase section */
		896FD79721B9409200468C53 /* Resources */ = {
			isa = PBXResourcesBuildPhase;
			buildActionMask = 2147483647;
			files = (
				896FD7A721B9409400468C53 /* LaunchScreen.storyboard in Resources */,
				8929526121BB942400BBE7B9 /* Rain.sks in Resources */,
				896FD7A421B9409400468C53 /* Assets.xcassets in Resources */,
				896FD7A221B9409200468C53 /* Main.storyboard in Resources */,
				8929526221BB942400BBE7B9 /* Assets.xcassets in Resources */,
			);
			runOnlyForDeploymentPostprocessing = 0;
		};
/* End PBXResourcesBuildPhase section */

/* Begin PBXSourcesBuildPhase section */
		896FD79521B9409200468C53 /* Sources */ = {
			isa = PBXSourcesBuildPhase;
			buildActionMask = 2147483647;
			files = (
				896FD7AF21BA8ADD00468C53 /* GameScene.swift in Sources */,
				896FD79F21B9409200468C53 /* ViewController.swift in Sources */,
				896FD79D21B9409200468C53 /* AppDelegate.swift in Sources */,
				896FD7B321BA8C5E00468C53 /* Constants.swift in Sources */,
			);
			runOnlyForDeploymentPostprocessing = 0;
		};
/* End PBXSourcesBuildPhase section */

/* Begin PBXVariantGroup section */
		896FD7A021B9409200468C53 /* Main.storyboard */ = {
			isa = PBXVariantGroup;
			children = (
				896FD7A121B9409200468C53 /* Base */,
			);
			name = Main.storyboard;
			sourceTree = "<group>";
		};
		896FD7A521B9409400468C53 /* LaunchScreen.storyboard */ = {
			isa = PBXVariantGroup;
			children = (
				896FD7A621B9409400468C53 /* Base */,
			);
			name = LaunchScreen.storyboard;
			sourceTree = "<group>";
		};
/* End PBXVariantGroup section */

/* Begin XCBuildConfiguration section */
		896FD7A921B9409400468C53 /* Debug */ = {
			isa = XCBuildConfiguration;
			buildSettings = {
				ALWAYS_SEARCH_USER_PATHS = NO;
				CLANG_ANALYZER_NONNULL = YES;
				CLANG_ANALYZER_NUMBER_OBJECT_CONVERSION = YES_AGGRESSIVE;
				CLANG_CXX_LANGUAGE_STANDARD = "gnu++14";
				CLANG_CXX_LIBRARY = "libc++";
				CLANG_ENABLE_MODULES = YES;
				CLANG_ENABLE_OBJC_ARC = YES;
				CLANG_ENABLE_OBJC_WEAK = YES;
				CLANG_WARN_BLOCK_CAPTURE_AUTORELEASING = YES;
				CLANG_WARN_BOOL_CONVERSION = YES;
				CLANG_WARN_COMMA = YES;
				CLANG_WARN_CONSTANT_CONVERSION = YES;
				CLANG_WARN_DEPRECATED_OBJC_IMPLEMENTATIONS = YES;
				CLANG_WARN_DIRECT_OBJC_ISA_USAGE = YES_ERROR;
				CLANG_WARN_DOCUMENTATION_COMMENTS = YES;
				CLANG_WARN_EMPTY_BODY = YES;
				CLANG_WARN_ENUM_CONVERSION = YES;
				CLANG_WARN_INFINITE_RECURSION = YES;
				CLANG_WARN_INT_CONVERSION = YES;
				CLANG_WARN_NON_LITERAL_NULL_CONVERSION = YES;
				CLANG_WARN_OBJC_IMPLICIT_RETAIN_SELF = YES;
				CLANG_WARN_OBJC_LITERAL_CONVERSION = YES;
				CLANG_WARN_OBJC_ROOT_CLASS = YES_ERROR;
				CLANG_WARN_RANGE_LOOP_ANALYSIS = YES;
				CLANG_WARN_STRICT_PROTOTYPES = YES;
				CLANG_WARN_SUSPICIOUS_MOVE = YES;
				CLANG_WARN_UNGUARDED_AVAILABILITY = YES_AGGRESSIVE;
				CLANG_WARN_UNREACHABLE_CODE = YES;
				CLANG_WARN__DUPLICATE_METHOD_MATCH = YES;
				CODE_SIGN_IDENTITY = "iPhone Developer";
				COPY_PHASE_STRIP = NO;
				DEBUG_INFORMATION_FORMAT = dwarf;
				ENABLE_STRICT_OBJC_MSGSEND = YES;
				ENABLE_TESTABILITY = YES;
				GCC_C_LANGUAGE_STANDARD = gnu11;
				GCC_DYNAMIC_NO_PIC = NO;
				GCC_NO_COMMON_BLOCKS = YES;
				GCC_OPTIMIZATION_LEVEL = 0;
				GCC_PREPROCESSOR_DEFINITIONS = (
					"DEBUG=1",
					"$(inherited)",
				);
				GCC_WARN_64_TO_32_BIT_CONVERSION = YES;
				GCC_WARN_ABOUT_RETURN_TYPE = YES_ERROR;
				GCC_WARN_UNDECLARED_SELECTOR = YES;
				GCC_WARN_UNINITIALIZED_AUTOS = YES_AGGRESSIVE;
				GCC_WARN_UNUSED_FUNCTION = YES;
				GCC_WARN_UNUSED_VARIABLE = YES;
				IPHONEOS_DEPLOYMENT_TARGET = 12.1;
				MTL_ENABLE_DEBUG_INFO = INCLUDE_SOURCE;
				MTL_FAST_MATH = YES;
				ONLY_ACTIVE_ARCH = YES;
				SDKROOT = iphoneos;
				SWIFT_ACTIVE_COMPILATION_CONDITIONS = DEBUG;
				SWIFT_OPTIMIZATION_LEVEL = "-Onone";
			};
			name = Debug;
		};
		896FD7AA21B9409400468C53 /* Release */ = {
			isa = XCBuildConfiguration;
			buildSettings = {
				ALWAYS_SEARCH_USER_PATHS = NO;
				CLANG_ANALYZER_NONNULL = YES;
				CLANG_ANALYZER_NUMBER_OBJECT_CONVERSION = YES_AGGRESSIVE;
				CLANG_CXX_LANGUAGE_STANDARD = "gnu++14";
				CLANG_CXX_LIBRARY = "libc++";
				CLANG_ENABLE_MODULES = YES;
				CLANG_ENABLE_OBJC_ARC = YES;
				CLANG_ENABLE_OBJC_WEAK = YES;
				CLANG_WARN_BLOCK_CAPTURE_AUTORELEASING = YES;
				CLANG_WARN_BOOL_CONVERSION = YES;
				CLANG_WARN_COMMA = YES;
				CLANG_WARN_CONSTANT_CONVERSION = YES;
				CLANG_WARN_DEPRECATED_OBJC_IMPLEMENTATIONS = YES;
				CLANG_WARN_DIRECT_OBJC_ISA_USAGE = YES_ERROR;
				CLANG_WARN_DOCUMENTATION_COMMENTS = YES;
				CLANG_WARN_EMPTY_BODY = YES;
				CLANG_WARN_ENUM_CONVERSION = YES;
				CLANG_WARN_INFINITE_RECURSION = YES;
				CLANG_WARN_INT_CONVERSION = YES;
				CLANG_WARN_NON_LITERAL_NULL_CONVERSION = YES;
				CLANG_WARN_OBJC_IMPLICIT_RETAIN_SELF = YES;
				CLANG_WARN_OBJC_LITERAL_CONVERSION = YES;
				CLANG_WARN_OBJC_ROOT_CLASS = YES_ERROR;
				CLANG_WARN_RANGE_LOOP_ANALYSIS = YES;
				CLANG_WARN_STRICT_PROTOTYPES = YES;
				CLANG_WARN_SUSPICIOUS_MOVE = YES;
				CLANG_WARN_UNGUARDED_AVAILABILITY = YES_AGGRESSIVE;
				CLANG_WARN_UNREACHABLE_CODE = YES;
				CLANG_WARN__DUPLICATE_METHOD_MATCH = YES;
				CODE_SIGN_IDENTITY = "iPhone Developer";
				COPY_PHASE_STRIP = NO;
				DEBUG_INFORMATION_FORMAT = "dwarf-with-dsym";
				ENABLE_NS_ASSERTIONS = NO;
				ENABLE_STRICT_OBJC_MSGSEND = YES;
				GCC_C_LANGUAGE_STANDARD = gnu11;
				GCC_NO_COMMON_BLOCKS = YES;
				GCC_WARN_64_TO_32_BIT_CONVERSION = YES;
				GCC_WARN_ABOUT_RETURN_TYPE = YES_ERROR;
				GCC_WARN_UNDECLARED_SELECTOR = YES;
				GCC_WARN_UNINITIALIZED_AUTOS = YES_AGGRESSIVE;
				GCC_WARN_UNUSED_FUNCTION = YES;
				GCC_WARN_UNUSED_VARIABLE = YES;
				IPHONEOS_DEPLOYMENT_TARGET = 12.1;
				MTL_ENABLE_DEBUG_INFO = NO;
				MTL_FAST_MATH = YES;
				SDKROOT = iphoneos;
				SWIFT_COMPILATION_MODE = wholemodule;
				SWIFT_OPTIMIZATION_LEVEL = "-O";
				VALIDATE_PRODUCT = YES;
			};
			name = Release;
		};
		896FD7AC21B9409400468C53 /* Debug */ = {
			isa = XCBuildConfiguration;
			buildSettings = {
				ASSETCATALOG_COMPILER_APPICON_NAME = AppIcon;
				CODE_SIGN_STYLE = Automatic;
				DEVELOPMENT_TEAM = 6257XTCRBF;
				INFOPLIST_FILE = "iPad Apps/Info.plist";
				LD_RUNPATH_SEARCH_PATHS = (
					"$(inherited)",
					"@executable_path/Frameworks",
				);
				PRODUCT_BUNDLE_IDENTIFIER = "com.Alphonso-Sensley-II.iPad-Apps";
				PRODUCT_NAME = "$(TARGET_NAME)";
				SWIFT_VERSION = 4.2;
				TARGETED_DEVICE_FAMILY = "1,2";
			};
			name = Debug;
		};
		896FD7AD21B9409400468C53 /* Release */ = {
			isa = XCBuildConfiguration;
			buildSettings = {
				ASSETCATALOG_COMPILER_APPICON_NAME = AppIcon;
				CODE_SIGN_STYLE = Automatic;
				DEVELOPMENT_TEAM = 6257XTCRBF;
				INFOPLIST_FILE = "iPad Apps/Info.plist";
				LD_RUNPATH_SEARCH_PATHS = (
					"$(inherited)",
					"@executable_path/Frameworks",
				);
				PRODUCT_BUNDLE_IDENTIFIER = "com.Alphonso-Sensley-II.iPad-Apps";
				PRODUCT_NAME = "$(TARGET_NAME)";
				SWIFT_VERSION = 4.2;
				TARGETED_DEVICE_FAMILY = "1,2";
			};
			name = Release;
		};
/* End XCBuildConfiguration section */

/* Begin XCConfigurationList section */
		896FD79421B9409200468C53 /* Build configuration list for PBXProject "iPad Apps" */ = {
			isa = XCConfigurationList;
			buildConfigurations = (
				896FD7A921B9409400468C53 /* Debug */,
				896FD7AA21B9409400468C53 /* Release */,
			);
			defaultConfigurationIsVisible = 0;
			defaultConfigurationName = Release;
		};
		896FD7AB21B9409400468C53 /* Build configuration list for PBXNativeTarget "iPad Apps" */ = {
			isa = XCConfigurationList;
			buildConfigurations = (
				896FD7AC21B9409400468C53 /* Debug */,
				896FD7AD21B9409400468C53 /* Release */,
			);
			defaultConfigurationIsVisible = 0;
			defaultConfigurationName = Release;
		};
/* End XCConfigurationList section */
	};
	rootObject = 896FD79121B9409200468C53 /* Project object */;
}
